
Microsoft Visual Studio Solution File, Format Version 12.00
# Visual Studio 15
VisualStudioVersion = 15.0.27428.2011
MinimumVisualStudioVersion = 10.0.40219.1
Project("{FAE04EC0-301F-11D3-BF4B-00C04F79EFBC}") = "MyManagedFunctions", "MyManagedFunctions\MyManagedFunctions.csproj", "{FECF0D5E-DCC9-4BA6-8EC0-1C6CA70142DF}"
EndProject
Global
	GlobalSection(SolutionConfigurationPlatforms) = preSolution
		Debug|Any CPU = Debug|Any CPU
		Release|Any CPU = Release|Any CPU
	EndGlobalSection
	GlobalSection(ProjectConfigurationPlatforms) = postSolution
		{FECF0D5E-DCC9-4BA6-8EC0-1C6CA70142DF}.Debug|Any CPU.ActiveCfg = Debug|Any CPU
		{FECF0D5E-DCC9-4BA6-8EC0-1C6CA70142DF}.Debug|Any CPU.Build.0 = Debug|Any CPU
		{FECF0D5E-DCC9-4BA6-8EC0-1C6CA70142DF}.Release|Any CPU.ActiveCfg = Release|Any CPU
		{FECF0D5E-DCC9-4BA6-8EC0-1C6CA70142DF}.Release|Any CPU.Build.0 = Release|Any CPU
	EndGlobalSection
	GlobalSection(SolutionProperties) = preSolution
		HideSolutionNode = FALSE
	EndGlobalSection
	GlobalSection(ExtensibilityGlobals) = postSolution
		SolutionGuid = {08095D1C-0E52-43C1-A243-495FEF51E4C0}
	EndGlobalSection
EndGlobal
